
Microsoft Visual Studio Solution File, Format Version 10.00
# Visual Studio 2008
Project("{FAE04EC0-301F-11D3-BF4B-00C04F79EFBC}") = "NUnitSpec", "NUnitSpec\NUnitSpec.csproj", "{0C993303-0653-44B1-AA37-0F9EDBAADC88}"
EndProject
Global
	GlobalSection(SolutionConfigurationPlatforms) = preSolution
		Debug|Any CPU = Debug|Any CPU
		Release|Any CPU = Release|Any CPU
	EndGlobalSection
	GlobalSection(ProjectConfigurationPlatforms) = postSolution
		{0C993303-0653-44B1-AA37-0F9EDBAADC88}.Debug|Any CPU.ActiveCfg = Debug|Any CPU
		{0C993303-0653-44B1-AA37-0F9EDBAADC88}.Debug|Any CPU.Build.0 = Debug|Any CPU
		{0C993303-0653-44B1-AA37-0F9EDBAADC88}.Release|Any CPU.ActiveCfg = Release|Any CPU
		{0C993303-0653-44B1-AA37-0F9EDBAADC88}.Release|Any CPU.Build.0 = Release|Any CPU
	EndGlobalSection
	GlobalSection(MonoDevelopProperties) = preSolution
		StartupItem = NUnitSpec\NUnitSpec.csproj
	EndGlobalSection
EndGlobal
